
Microsoft Visual Studio Solution File, Format Version 12.00
# Visual Studio Version 16
VisualStudioVersion = 16.0.31410.357
MinimumVisualStudioVersion = 10.0.40219.1
Project("{9A19103F-16F7-4668-BE54-9A1E7A4F7556}") = "GUI_UniversidadEduca", "GUI_UniversidadEduca\GUI_UniversidadEduca.csproj", "{D68CB575-7F5A-49E2-90B8-8EDF5A41DD32}"
EndProject
Project("{FAE04EC0-301F-11D3-BF4B-00C04F79EFBC}") = "AccesoDatos_UniversidadEduca", "AccesoDatos_UniversidadEduca\AccesoDatos_UniversidadEduca.csproj", "{6C3CEF31-DE8A-4BC1-B0E5-0FDA7536E3D9}"
EndProject
Project("{FAE04EC0-301F-11D3-BF4B-00C04F79EFBC}") = "Modelos_UniversidadEduca", "Modelos_UniversidadEduca\Modelos_UniversidadEduca.csproj", "{D070990B-C533-4454-8A81-D9AAE6020D73}"
EndProject
Project("{FAE04EC0-301F-11D3-BF4B-00C04F79EFBC}") = "Gestores_UniversidadEduca", "Gestores_UniversidadEduca\Gestores_UniversidadEduca.csproj", "{3C617C83-9A9B-40AD-AC59-B023ABC0A6DD}"
EndProject
Global
	GlobalSection(SolutionConfigurationPlatforms) = preSolution
		Debug|Any CPU = Debug|Any CPU
		Release|Any CPU = Release|Any CPU
	EndGlobalSection
	GlobalSection(ProjectConfigurationPlatforms) = postSolution
		{D68CB575-7F5A-49E2-90B8-8EDF5A41DD32}.Debug|Any CPU.ActiveCfg = Debug|Any CPU
		{D68CB575-7F5A-49E2-90B8-8EDF5A41DD32}.Debug|Any CPU.Build.0 = Debug|Any CPU
		{D68CB575-7F5A-49E2-90B8-8EDF5A41DD32}.Release|Any CPU.ActiveCfg = Release|Any CPU
		{D68CB575-7F5A-49E2-90B8-8EDF5A41DD32}.Release|Any CPU.Build.0 = Release|Any CPU
		{6C3CEF31-DE8A-4BC1-B0E5-0FDA7536E3D9}.Debug|Any CPU.ActiveCfg = Debug|Any CPU
		{6C3CEF31-DE8A-4BC1-B0E5-0FDA7536E3D9}.Debug|Any CPU.Build.0 = Debug|Any CPU
		{6C3CEF31-DE8A-4BC1-B0E5-0FDA7536E3D9}.Release|Any CPU.ActiveCfg = Release|Any CPU
		{6C3CEF31-DE8A-4BC1-B0E5-0FDA7536E3D9}.Release|Any CPU.Build.0 = Release|Any CPU
		{D070990B-C533-4454-8A81-D9AAE6020D73}.Debug|Any CPU.ActiveCfg = Debug|Any CPU
		{D070990B-C533-4454-8A81-D9AAE6020D73}.Debug|Any CPU.Build.0 = Debug|Any CPU
		{D070990B-C533-4454-8A81-D9AAE6020D73}.Release|Any CPU.ActiveCfg = Release|Any CPU
		{D070990B-C533-4454-8A81-D9AAE6020D73}.Release|Any CPU.Build.0 = Release|Any CPU
		{3C617C83-9A9B-40AD-AC59-B023ABC0A6DD}.Debug|Any CPU.ActiveCfg = Debug|Any CPU
		{3C617C83-9A9B-40AD-AC59-B023ABC0A6DD}.Debug|Any CPU.Build.0 = Debug|Any CPU
		{3C617C83-9A9B-40AD-AC59-B023ABC0A6DD}.Release|Any CPU.ActiveCfg = Release|Any CPU
		{3C617C83-9A9B-40AD-AC59-B023ABC0A6DD}.Release|Any CPU.Build.0 = Release|Any CPU
	EndGlobalSection
	GlobalSection(SolutionProperties) = preSolution
		HideSolutionNode = FALSE
	EndGlobalSection
	GlobalSection(ExtensibilityGlobals) = postSolution
		SolutionGuid = {2E46F785-2ED5-493C-9425-20F7E8A94BAB}
	EndGlobalSection
EndGlobal
